github.com/valkey-io/valkey-go v1.0.59 h1:W67Z0UY+Qqk3k8NKkFCFlM3X4yQUniixl7dSJAch2Qo=
github.com/valkey-io/valkey-go v1.0.59/go.mod h1:bHmwjIEOrGq/ubOJfh5uMRs7Xj6mV3mQ/ZXUbmqpjqY=
golang.org/x/sys v0.31.0 h1:ioabZlmFYtWhL+TRYpcnNlLwhyxaM9kWTDEmfnprqik=
golang.org/x/sys v0.31.0/go.mod h1:BJP2sWEmIv4KK5OTEluFJCKSidICx8ciO85XgH3Ak8k=
